
Microsoft Visual Studio Solution File, Format Version 12.00
# Visual Studio Version 17
VisualStudioVersion = 17.2.32602.215
MinimumVisualStudioVersion = 10.0.40219.1
Project("{9A19103F-16F7-4668-BE54-9A1E7A4F7556}") = "NekoSpace.Common", "NekoSpace.Common\NekoSpace.Common.csproj", "{6657351A-5D42-4EEC-82AE-1289DAA4FC5A}"
EndProject
Project("{9A19103F-16F7-4668-BE54-9A1E7A4F7556}") = "NekoSpace.API.Contracts", "NekoSpace.API.Contracts\NekoSpace.API.Contracts.csproj", "{C1702985-BA82-4CC2-999E-BF414B50980D}"
EndProject
Project("{9A19103F-16F7-4668-BE54-9A1E7A4F7556}") = "NekoSpace.Core", "NekoSpace.Core\NekoSpace.Core.csproj", "{668BF96B-98DD-464D-B4B9-4351614CB664}"
EndProject
Project("{9A19103F-16F7-4668-BE54-9A1E7A4F7556}") = "NekoSpace.Core.Contracts", "NekoSpace.Core.Contracts\NekoSpace.Core.Contracts.csproj", "{502873DD-B2E4-4FB8-8C7A-D1D6CC3F0F45}"
EndProject
Project("{9A19103F-16F7-4668-BE54-9A1E7A4F7556}") = "NekoSpace.Data", "NekoSpace.Data\NekoSpace.Data.csproj", "{9DB5D321-F592-4F13-AA5F-FF5415EFC1C5}"
EndProject
Project("{9A19103F-16F7-4668-BE54-9A1E7A4F7556}") = "NekoSpace.Data.Contracts", "NekoSpace.Data.Contracts\NekoSpace.Data.Contracts.csproj", "{A6C201A0-AAF3-4383-A5E1-502291EEFC55}"
EndProject
Project("{E53339B2-1760-4266-BCC7-CA923CBCF16C}") = "docker-compose", "docker-compose\docker-compose.dcproj", "{83880565-D3DE-4BD0-AA4B-0D7F621444F9}"
EndProject
Project("{9A19103F-16F7-4668-BE54-9A1E7A4F7556}") = "NekoSpace.API", "NekoSpace.API\NekoSpace.API.csproj", "{D30AC082-0B3E-46A9-85E2-6E4B956D9D9A}"
EndProject
Project("{2150E333-8FDC-42A3-9474-1A3956D46DE8}") = "Tools", "Tools", "{E2CD7886-F5BB-483B-BC6E-891AA8374B1F}"
EndProject
Project("{9A19103F-16F7-4668-BE54-9A1E7A4F7556}") = "Mami", "tools\MamiRepository\Mami.csproj", "{80FBFF68-B104-4E38-9D72-7EB9E7636C43}"
EndProject
Project("{9A19103F-16F7-4668-BE54-9A1E7A4F7556}") = "NekoSpace.Seed", "tools\NekoSpace.Seed\NekoSpace.Seed.csproj", "{3ADFCC27-B78E-436D-84D6-CC2E3AE2397E}"
EndProject
Project("{9A19103F-16F7-4668-BE54-9A1E7A4F7556}") = "NekoSpace.ElasticSearch", "NekoSpace.ElasticSearch\NekoSpace.ElasticSearch.csproj", "{F8E8284D-30FA-47CE-8883-28A9B1C81420}"
EndProject
Project("{9A19103F-16F7-4668-BE54-9A1E7A4F7556}") = "NekoSpace.ElasticSearch.Contracts", "NekoSpace.ElasticSearch.Contracts\NekoSpace.ElasticSearch.Contracts.csproj", "{7F7F4962-A0B8-439B-96D7-4AC12331738F}"
EndProject
Project("{FAE04EC0-301F-11D3-BF4B-00C04F79EFBC}") = "NekoSpace.Repository", "NekoSpace.Repository\NekoSpace.Repository.csproj", "{2F2F76DC-7A1B-4052-9FFB-47971C59BC2F}"
EndProject
Project("{FAE04EC0-301F-11D3-BF4B-00C04F79EFBC}") = "NekoSpace.Repository.Contracts", "NekoSpace.Repository.Contracts\NekoSpace.Repository.Contracts.csproj", "{B634930A-E306-4732-9746-09EFC14B83DC}"
EndProject
Global
	GlobalSection(SolutionConfigurationPlatforms) = preSolution
		Debug|Any CPU = Debug|Any CPU
		Release|Any CPU = Release|Any CPU
	EndGlobalSection
	GlobalSection(ProjectConfigurationPlatforms) = postSolution
		{6657351A-5D42-4EEC-82AE-1289DAA4FC5A}.Debug|Any CPU.ActiveCfg = Debug|Any CPU
		{6657351A-5D42-4EEC-82AE-1289DAA4FC5A}.Debug|Any CPU.Build.0 = Debug|Any CPU
		{6657351A-5D42-4EEC-82AE-1289DAA4FC5A}.Release|Any CPU.ActiveCfg = Release|Any CPU
		{6657351A-5D42-4EEC-82AE-1289DAA4FC5A}.Release|Any CPU.Build.0 = Release|Any CPU
		{C1702985-BA82-4CC2-999E-BF414B50980D}.Debug|Any CPU.ActiveCfg = Debug|Any CPU
		{C1702985-BA82-4CC2-999E-BF414B50980D}.Debug|Any CPU.Build.0 = Debug|Any CPU
		{C1702985-BA82-4CC2-999E-BF414B50980D}.Release|Any CPU.ActiveCfg = Release|Any CPU
		{C1702985-BA82-4CC2-999E-BF414B50980D}.Release|Any CPU.Build.0 = Release|Any CPU
		{668BF96B-98DD-464D-B4B9-4351614CB664}.Debug|Any CPU.ActiveCfg = Debug|Any CPU
		{668BF96B-98DD-464D-B4B9-4351614CB664}.Debug|Any CPU.Build.0 = Debug|Any CPU
		{668BF96B-98DD-464D-B4B9-4351614CB664}.Release|Any CPU.ActiveCfg = Release|Any CPU
		{668BF96B-98DD-464D-B4B9-4351614CB664}.Release|Any CPU.Build.0 = Release|Any CPU
		{502873DD-B2E4-4FB8-8C7A-D1D6CC3F0F45}.Debug|Any CPU.ActiveCfg = Debug|Any CPU
		{502873DD-B2E4-4FB8-8C7A-D1D6CC3F0F45}.Debug|Any CPU.Build.0 = Debug|Any CPU
		{502873DD-B2E4-4FB8-8C7A-D1D6CC3F0F45}.Release|Any CPU.ActiveCfg = Release|Any CPU
		{502873DD-B2E4-4FB8-8C7A-D1D6CC3F0F45}.Release|Any CPU.Build.0 = Release|Any CPU
		{9DB5D321-F592-4F13-AA5F-FF5415EFC1C5}.Debug|Any CPU.ActiveCfg = Debug|Any CPU
		{9DB5D321-F592-4F13-AA5F-FF5415EFC1C5}.Debug|Any CPU.Build.0 = Debug|Any CPU
		{9DB5D321-F592-4F13-AA5F-FF5415EFC1C5}.Release|Any CPU.ActiveCfg = Release|Any CPU
		{9DB5D321-F592-4F13-AA5F-FF5415EFC1C5}.Release|Any CPU.Build.0 = Release|Any CPU
		{A6C201A0-AAF3-4383-A5E1-502291EEFC55}.Debug|Any CPU.ActiveCfg = Debug|Any CPU
		{A6C201A0-AAF3-4383-A5E1-502291EEFC55}.Debug|Any CPU.Build.0 = Debug|Any CPU
		{A6C201A0-AAF3-4383-A5E1-502291EEFC55}.Release|Any CPU.ActiveCfg = Release|Any CPU
		{A6C201A0-AAF3-4383-A5E1-502291EEFC55}.Release|Any CPU.Build.0 = Release|Any CPU
		{83880565-D3DE-4BD0-AA4B-0D7F621444F9}.Debug|Any CPU.ActiveCfg = Debug|Any CPU
		{83880565-D3DE-4BD0-AA4B-0D7F621444F9}.Debug|Any CPU.Build.0 = Debug|Any CPU
		{83880565-D3DE-4BD0-AA4B-0D7F621444F9}.Release|Any CPU.ActiveCfg = Release|Any CPU
		{83880565-D3DE-4BD0-AA4B-0D7F621444F9}.Release|Any CPU.Build.0 = Release|Any CPU
		{D30AC082-0B3E-46A9-85E2-6E4B956D9D9A}.Debug|Any CPU.ActiveCfg = Debug|Any CPU
		{D30AC082-0B3E-46A9-85E2-6E4B956D9D9A}.Debug|Any CPU.Build.0 = Debug|Any CPU
		{D30AC082-0B3E-46A9-85E2-6E4B956D9D9A}.Release|Any CPU.ActiveCfg = Release|Any CPU
		{D30AC082-0B3E-46A9-85E2-6E4B956D9D9A}.Release|Any CPU.Build.0 = Release|Any CPU
		{80FBFF68-B104-4E38-9D72-7EB9E7636C43}.Debug|Any CPU.ActiveCfg = Debug|Any CPU
		{80FBFF68-B104-4E38-9D72-7EB9E7636C43}.Debug|Any CPU.Build.0 = Debug|Any CPU
		{80FBFF68-B104-4E38-9D72-7EB9E7636C43}.Release|Any CPU.ActiveCfg = Release|Any CPU
		{80FBFF68-B104-4E38-9D72-7EB9E7636C43}.Release|Any CPU.Build.0 = Release|Any CPU
		{3ADFCC27-B78E-436D-84D6-CC2E3AE2397E}.Debug|Any CPU.ActiveCfg = Debug|Any CPU
		{3ADFCC27-B78E-436D-84D6-CC2E3AE2397E}.Debug|Any CPU.Build.0 = Debug|Any CPU
		{3ADFCC27-B78E-436D-84D6-CC2E3AE2397E}.Release|Any CPU.ActiveCfg = Release|Any CPU
		{3ADFCC27-B78E-436D-84D6-CC2E3AE2397E}.Release|Any CPU.Build.0 = Release|Any CPU
		{F8E8284D-30FA-47CE-8883-28A9B1C81420}.Debug|Any CPU.ActiveCfg = Debug|Any CPU
		{F8E8284D-30FA-47CE-8883-28A9B1C81420}.Debug|Any CPU.Build.0 = Debug|Any CPU
		{F8E8284D-30FA-47CE-8883-28A9B1C81420}.Release|Any CPU.ActiveCfg = Release|Any CPU
		{F8E8284D-30FA-47CE-8883-28A9B1C81420}.Release|Any CPU.Build.0 = Release|Any CPU
		{7F7F4962-A0B8-439B-96D7-4AC12331738F}.Debug|Any CPU.ActiveCfg = Debug|Any CPU
		{7F7F4962-A0B8-439B-96D7-4AC12331738F}.Debug|Any CPU.Build.0 = Debug|Any CPU
		{7F7F4962-A0B8-439B-96D7-4AC12331738F}.Release|Any CPU.ActiveCfg = Release|Any CPU
		{7F7F4962-A0B8-439B-96D7-4AC12331738F}.Release|Any CPU.Build.0 = Release|Any CPU
		{2F2F76DC-7A1B-4052-9FFB-47971C59BC2F}.Debug|Any CPU.ActiveCfg = Debug|Any CPU
		{2F2F76DC-7A1B-4052-9FFB-47971C59BC2F}.Debug|Any CPU.Build.0 = Debug|Any CPU
		{2F2F76DC-7A1B-4052-9FFB-47971C59BC2F}.Release|Any CPU.ActiveCfg = Release|Any CPU
		{2F2F76DC-7A1B-4052-9FFB-47971C59BC2F}.Release|Any CPU.Build.0 = Release|Any CPU
		{B634930A-E306-4732-9746-09EFC14B83DC}.Debug|Any CPU.ActiveCfg = Debug|Any CPU
		{B634930A-E306-4732-9746-09EFC14B83DC}.Debug|Any CPU.Build.0 = Debug|Any CPU
		{B634930A-E306-4732-9746-09EFC14B83DC}.Release|Any CPU.ActiveCfg = Release|Any CPU
		{B634930A-E306-4732-9746-09EFC14B83DC}.Release|Any CPU.Build.0 = Release|Any CPU
	EndGlobalSection
	GlobalSection(SolutionProperties) = preSolution
		HideSolutionNode = FALSE
	EndGlobalSection
	GlobalSection(NestedProjects) = preSolution
		{80FBFF68-B104-4E38-9D72-7EB9E7636C43} = {E2CD7886-F5BB-483B-BC6E-891AA8374B1F}
		{3ADFCC27-B78E-436D-84D6-CC2E3AE2397E} = {E2CD7886-F5BB-483B-BC6E-891AA8374B1F}
	EndGlobalSection
	GlobalSection(ExtensibilityGlobals) = postSolution
		SolutionGuid = {8783DAB8-AF69-4964-B5CF-74097BA8CFAD}
	EndGlobalSection
EndGlobal
