
Microsoft Visual Studio Solution File, Format Version 12.00
# Visual Studio Version 17
VisualStudioVersion = 17.2.32602.215
MinimumVisualStudioVersion = 10.0.40219.1
Project("{E53339B2-1760-4266-BCC7-CA923CBCF16C}") = "docker-compose", "docker-compose.dcproj", "{83880565-D3DE-4BD0-AA4B-0D7F621444F9}"
EndProject
Project("{9A19103F-16F7-4668-BE54-9A1E7A4F7556}") = "NekoSpace.Seed", "NekoSpace.Seed\NekoSpace.Seed.csproj", "{E2E1C358-B120-46CE-B25D-5292160E0883}"
EndProject
Project("{9A19103F-16F7-4668-BE54-9A1E7A4F7556}") = "NekoSpace.Log", "NekoSpace.Log\NekoSpace.Log.csproj", "{55962B0B-605E-438E-82C4-49527FE49C1D}"
EndProject
Project("{9A19103F-16F7-4668-BE54-9A1E7A4F7556}") = "NekoSpace.Common", "NekoSpace.Common\NekoSpace.Common.csproj", "{6657351A-5D42-4EEC-82AE-1289DAA4FC5A}"
EndProject
Project("{9A19103F-16F7-4668-BE54-9A1E7A4F7556}") = "NekoSpace.API", "NekoSpace.API\NekoSpace.API.csproj", "{E4B745D9-153B-4235-985D-31BE20608AFC}"
EndProject
Project("{9A19103F-16F7-4668-BE54-9A1E7A4F7556}") = "NekoSpace.API.Contracts", "NekoSpace.API.Contracts\NekoSpace.API.Contracts.csproj", "{C1702985-BA82-4CC2-999E-BF414B50980D}"
EndProject
Project("{9A19103F-16F7-4668-BE54-9A1E7A4F7556}") = "NekoSpace.Core", "NekoSpace.Core\NekoSpace.Core.csproj", "{668BF96B-98DD-464D-B4B9-4351614CB664}"
EndProject
Project("{9A19103F-16F7-4668-BE54-9A1E7A4F7556}") = "NekoSpace.Core.Contracts", "NekoSpace.Core.Contracts\NekoSpace.Core.Contracts.csproj", "{502873DD-B2E4-4FB8-8C7A-D1D6CC3F0F45}"
EndProject
Project("{9A19103F-16F7-4668-BE54-9A1E7A4F7556}") = "NekoSpace.Data", "NekoSpace.Data\NekoSpace.Data.csproj", "{9DB5D321-F592-4F13-AA5F-FF5415EFC1C5}"
EndProject
Project("{9A19103F-16F7-4668-BE54-9A1E7A4F7556}") = "NekoSpace.Data.Contracts", "NekoSpace.Data.Contracts\NekoSpace.Data.Contracts.csproj", "{A6C201A0-AAF3-4383-A5E1-502291EEFC55}"
EndProject
Project("{9A19103F-16F7-4668-BE54-9A1E7A4F7556}") = "Mami", "MamiRepository\Mami.csproj", "{A55E438E-1C05-4DDA-9E5F-C1CA57627299}"
EndProject
Global
	GlobalSection(SolutionConfigurationPlatforms) = preSolution
		Debug|Any CPU = Debug|Any CPU
		Release|Any CPU = Release|Any CPU
	EndGlobalSection
	GlobalSection(ProjectConfigurationPlatforms) = postSolution
		{83880565-D3DE-4BD0-AA4B-0D7F621444F9}.Debug|Any CPU.ActiveCfg = Debug|Any CPU
		{83880565-D3DE-4BD0-AA4B-0D7F621444F9}.Debug|Any CPU.Build.0 = Debug|Any CPU
		{83880565-D3DE-4BD0-AA4B-0D7F621444F9}.Release|Any CPU.ActiveCfg = Release|Any CPU
		{83880565-D3DE-4BD0-AA4B-0D7F621444F9}.Release|Any CPU.Build.0 = Release|Any CPU
		{E2E1C358-B120-46CE-B25D-5292160E0883}.Debug|Any CPU.ActiveCfg = Debug|Any CPU
		{E2E1C358-B120-46CE-B25D-5292160E0883}.Debug|Any CPU.Build.0 = Debug|Any CPU
		{E2E1C358-B120-46CE-B25D-5292160E0883}.Release|Any CPU.ActiveCfg = Release|Any CPU
		{E2E1C358-B120-46CE-B25D-5292160E0883}.Release|Any CPU.Build.0 = Release|Any CPU
		{55962B0B-605E-438E-82C4-49527FE49C1D}.Debug|Any CPU.ActiveCfg = Debug|Any CPU
		{55962B0B-605E-438E-82C4-49527FE49C1D}.Debug|Any CPU.Build.0 = Debug|Any CPU
		{55962B0B-605E-438E-82C4-49527FE49C1D}.Release|Any CPU.ActiveCfg = Release|Any CPU
		{55962B0B-605E-438E-82C4-49527FE49C1D}.Release|Any CPU.Build.0 = Release|Any CPU
		{6657351A-5D42-4EEC-82AE-1289DAA4FC5A}.Debug|Any CPU.ActiveCfg = Debug|Any CPU
		{6657351A-5D42-4EEC-82AE-1289DAA4FC5A}.Debug|Any CPU.Build.0 = Debug|Any CPU
		{6657351A-5D42-4EEC-82AE-1289DAA4FC5A}.Release|Any CPU.ActiveCfg = Release|Any CPU
		{6657351A-5D42-4EEC-82AE-1289DAA4FC5A}.Release|Any CPU.Build.0 = Release|Any CPU
		{E4B745D9-153B-4235-985D-31BE20608AFC}.Debug|Any CPU.ActiveCfg = Debug|Any CPU
		{E4B745D9-153B-4235-985D-31BE20608AFC}.Debug|Any CPU.Build.0 = Debug|Any CPU
		{E4B745D9-153B-4235-985D-31BE20608AFC}.Release|Any CPU.ActiveCfg = Release|Any CPU
		{E4B745D9-153B-4235-985D-31BE20608AFC}.Release|Any CPU.Build.0 = Release|Any CPU
		{C1702985-BA82-4CC2-999E-BF414B50980D}.Debug|Any CPU.ActiveCfg = Debug|Any CPU
		{C1702985-BA82-4CC2-999E-BF414B50980D}.Debug|Any CPU.Build.0 = Debug|Any CPU
		{C1702985-BA82-4CC2-999E-BF414B50980D}.Release|Any CPU.ActiveCfg = Release|Any CPU
		{C1702985-BA82-4CC2-999E-BF414B50980D}.Release|Any CPU.Build.0 = Release|Any CPU
		{668BF96B-98DD-464D-B4B9-4351614CB664}.Debug|Any CPU.ActiveCfg = Debug|Any CPU
		{668BF96B-98DD-464D-B4B9-4351614CB664}.Debug|Any CPU.Build.0 = Debug|Any CPU
		{668BF96B-98DD-464D-B4B9-4351614CB664}.Release|Any CPU.ActiveCfg = Release|Any CPU
		{668BF96B-98DD-464D-B4B9-4351614CB664}.Release|Any CPU.Build.0 = Release|Any CPU
		{502873DD-B2E4-4FB8-8C7A-D1D6CC3F0F45}.Debug|Any CPU.ActiveCfg = Debug|Any CPU
		{502873DD-B2E4-4FB8-8C7A-D1D6CC3F0F45}.Debug|Any CPU.Build.0 = Debug|Any CPU
		{502873DD-B2E4-4FB8-8C7A-D1D6CC3F0F45}.Release|Any CPU.ActiveCfg = Release|Any CPU
		{502873DD-B2E4-4FB8-8C7A-D1D6CC3F0F45}.Release|Any CPU.Build.0 = Release|Any CPU
		{9DB5D321-F592-4F13-AA5F-FF5415EFC1C5}.Debug|Any CPU.ActiveCfg = Debug|Any CPU
		{9DB5D321-F592-4F13-AA5F-FF5415EFC1C5}.Debug|Any CPU.Build.0 = Debug|Any CPU
		{9DB5D321-F592-4F13-AA5F-FF5415EFC1C5}.Release|Any CPU.ActiveCfg = Release|Any CPU
		{9DB5D321-F592-4F13-AA5F-FF5415EFC1C5}.Release|Any CPU.Build.0 = Release|Any CPU
		{A6C201A0-AAF3-4383-A5E1-502291EEFC55}.Debug|Any CPU.ActiveCfg = Debug|Any CPU
		{A6C201A0-AAF3-4383-A5E1-502291EEFC55}.Debug|Any CPU.Build.0 = Debug|Any CPU
		{A6C201A0-AAF3-4383-A5E1-502291EEFC55}.Release|Any CPU.ActiveCfg = Release|Any CPU
		{A6C201A0-AAF3-4383-A5E1-502291EEFC55}.Release|Any CPU.Build.0 = Release|Any CPU
		{A55E438E-1C05-4DDA-9E5F-C1CA57627299}.Debug|Any CPU.ActiveCfg = Debug|Any CPU
		{A55E438E-1C05-4DDA-9E5F-C1CA57627299}.Debug|Any CPU.Build.0 = Debug|Any CPU
		{A55E438E-1C05-4DDA-9E5F-C1CA57627299}.Release|Any CPU.ActiveCfg = Release|Any CPU
		{A55E438E-1C05-4DDA-9E5F-C1CA57627299}.Release|Any CPU.Build.0 = Release|Any CPU
	EndGlobalSection
	GlobalSection(SolutionProperties) = preSolution
		HideSolutionNode = FALSE
	EndGlobalSection
	GlobalSection(ExtensibilityGlobals) = postSolution
		SolutionGuid = {8783DAB8-AF69-4964-B5CF-74097BA8CFAD}
	EndGlobalSection
EndGlobal
